// !$*UTF8*$!
{
	archiveVersion = 1;
	classes = {
	};
	objectVersion = 46;
	objects = {

/* Begin PBXBuildFile section */
		37117C1B1BEE81A2005278AF /* lfo_pulse.c in Sources */ = {isa = PBXBuildFile; fileRef = 37117C191BEE81A2005278AF /* lfo_pulse.c */; };
		374594541BE6D33E007EAB03 /* ADSRPlot.swift in Sources */ = {isa = PBXBuildFile; fileRef = 374594531BE6D33E007EAB03 /* ADSRPlot.swift */; };
		374594561BE6D761007EAB03 /* TODO.txt in Resources */ = {isa = PBXBuildFile; fileRef = 374594551BE6D761007EAB03 /* TODO.txt */; };
		375D36031BDC207C00C55DBE /* PianoKey.swift in Sources */ = {isa = PBXBuildFile; fileRef = 375D36021BDC207C00C55DBE /* PianoKey.swift */; };
		375D36051BDC286900C55DBE /* PianoKeyLayer.swift in Sources */ = {isa = PBXBuildFile; fileRef = 375D36041BDC286900C55DBE /* PianoKeyLayer.swift */; };
		37660A161BE1B9BB00AFDD0B /* exp_decay.c in Sources */ = {isa = PBXBuildFile; fileRef = 37660A141BE1B9BB00AFDD0B /* exp_decay.c */; };
		37660A181BE1C19700AFDD0B /* ladder.c in Sources */ = {isa = PBXBuildFile; fileRef = 37660A171BE1C19700AFDD0B /* ladder.c */; };
		378074421BE17D2700FF58A9 /* band_limited.c in Sources */ = {isa = PBXBuildFile; fileRef = 378074411BE17D2700FF58A9 /* band_limited.c */; };
		378074451BE17D5300FF58A9 /* audio_square.c in Sources */ = {isa = PBXBuildFile; fileRef = 378074431BE17D5300FF58A9 /* audio_square.c */; };
		378074481BE17D6E00FF58A9 /* audio_sin.c in Sources */ = {isa = PBXBuildFile; fileRef = 378074461BE17D6E00FF58A9 /* audio_sin.c */; };
		3780744D1BE17E5F00FF58A9 /* audio_saw.c in Sources */ = {isa = PBXBuildFile; fileRef = 3780744C1BE17E5F00FF58A9 /* audio_saw.c */; };
		378074511BE1801900FF58A9 /* moodler_lib.c in Sources */ = {isa = PBXBuildFile; fileRef = 378074501BE1801900FF58A9 /* moodler_lib.c */; };
		37BA1D1E1BE5797900E7F73F /* envelope.c in Sources */ = {isa = PBXBuildFile; fileRef = 37BA1D1C1BE5797900E7F73F /* envelope.c */; };
		37BE9DF61BDDADA600CE8751 /* SignalPathView.swift in Sources */ = {isa = PBXBuildFile; fileRef = 37BE9DF51BDDADA600CE8751 /* SignalPathView.swift */; };
		BD44FA261BEC42FE00F31AF8 /* lfo_square.c in Sources */ = {isa = PBXBuildFile; fileRef = BD44FA241BEC42FE00F31AF8 /* lfo_square.c */; };
		BD44FA2D1BEC434E00F31AF8 /* lfo_saw.c in Sources */ = {isa = PBXBuildFile; fileRef = BD44FA2B1BEC434E00F31AF8 /* lfo_saw.c */; };
		BD4A5D1F1BEBBE4600B0AD55 /* lfo.c in Sources */ = {isa = PBXBuildFile; fileRef = BD4A5D1D1BEBBE4600B0AD55 /* lfo.c */; };
		BD68B3AE1BE9CE76008671CB /* vco.c in Sources */ = {isa = PBXBuildFile; fileRef = BD68B3AC1BE9CE76008671CB /* vco.c */; };
		BD7D6C0D1BED0C9C0050C433 /* lfo_rand.c in Sources */ = {isa = PBXBuildFile; fileRef = BD7D6C0B1BED0C9C0050C433 /* lfo_rand.c */; };
		BD7D6C0F1BED83DB0050C433 /* VUMeter.swift in Sources */ = {isa = PBXBuildFile; fileRef = BD7D6C0E1BED83DB0050C433 /* VUMeter.swift */; };
		BD7D6C111BED85A90050C433 /* VUMeterLayer.swift in Sources */ = {isa = PBXBuildFile; fileRef = BD7D6C101BED85A90050C433 /* VUMeterLayer.swift */; };
		BD87175E1BD724DB00A6A4BD /* AppDelegate.swift in Sources */ = {isa = PBXBuildFile; fileRef = BD87175D1BD724DB00A6A4BD /* AppDelegate.swift */; };
		BD8717601BD724DB00A6A4BD /* ViewController.swift in Sources */ = {isa = PBXBuildFile; fileRef = BD87175F1BD724DB00A6A4BD /* ViewController.swift */; };
		BD8717631BD724DB00A6A4BD /* Main.storyboard in Resources */ = {isa = PBXBuildFile; fileRef = BD8717611BD724DB00A6A4BD /* Main.storyboard */; };
		BD8717651BD724DB00A6A4BD /* Assets.xcassets in Resources */ = {isa = PBXBuildFile; fileRef = BD8717641BD724DB00A6A4BD /* Assets.xcassets */; };
		BD8717681BD724DB00A6A4BD /* LaunchScreen.storyboard in Resources */ = {isa = PBXBuildFile; fileRef = BD8717661BD724DB00A6A4BD /* LaunchScreen.storyboard */; };
		BD8717701BD881E000A6A4BD /* Knob.swift in Sources */ = {isa = PBXBuildFile; fileRef = BD87176F1BD881E000A6A4BD /* Knob.swift */; };
		BD8717721BD881E900A6A4BD /* KnobLayer.swift in Sources */ = {isa = PBXBuildFile; fileRef = BD8717711BD881E900A6A4BD /* KnobLayer.swift */; };
		BD8B93C51BE2D30E00C2363B /* lfo_sin.c in Sources */ = {isa = PBXBuildFile; fileRef = BD8B93C31BE2D30E00C2363B /* lfo_sin.c */; };
		BD9593B81BDFC89A00EE098F /* CGUtils.swift in Sources */ = {isa = PBXBuildFile; fileRef = BD9593B71BDFC89A00EE098F /* CGUtils.swift */; };
		BD9593C61BE04AE400EE098F /* AudioRender.m in Sources */ = {isa = PBXBuildFile; fileRef = BD9593C51BE04AE400EE098F /* AudioRender.m */; };
		BDB75E391BDF009200242397 /* MultiButton.swift in Sources */ = {isa = PBXBuildFile; fileRef = BDB75E381BDF009200242397 /* MultiButton.swift */; };
		BDB75E3B1BDF00A100242397 /* MultiButtonLayer.swift in Sources */ = {isa = PBXBuildFile; fileRef = BDB75E3A1BDF00A100242397 /* MultiButtonLayer.swift */; };
/* End PBXBuildFile section */

/* Begin PBXFileReference section */
		37117C191BEE81A2005278AF /* lfo_pulse.c */ = {isa = PBXFileReference; fileEncoding = 4; lastKnownFileType = sourcecode.c.c; path = lfo_pulse.c; sourceTree = "<group>"; };
		37117C1A1BEE81A2005278AF /* lfo_pulse.h */ = {isa = PBXFileReference; fileEncoding = 4; lastKnownFileType = sourcecode.c.h; path = lfo_pulse.h; sourceTree = "<group>"; };
		374594531BE6D33E007EAB03 /* ADSRPlot.swift */ = {isa = PBXFileReference; fileEncoding = 4; lastKnownFileType = sourcecode.swift; path = ADSRPlot.swift; sourceTree = "<group>"; };
		374594551BE6D761007EAB03 /* TODO.txt */ = {isa = PBXFileReference; fileEncoding = 4; lastKnownFileType = text; path = TODO.txt; sourceTree = "<group>"; };
		375D36021BDC207C00C55DBE /* PianoKey.swift */ = {isa = PBXFileReference; fileEncoding = 4; lastKnownFileType = sourcecode.swift; name = PianoKey.swift; path = MonoSynth/PianoKey.swift; sourceTree = "<group>"; };
		375D36041BDC286900C55DBE /* PianoKeyLayer.swift */ = {isa = PBXFileReference; fileEncoding = 4; lastKnownFileType = sourcecode.swift; name = PianoKeyLayer.swift; path = MonoSynth/PianoKeyLayer.swift; sourceTree = "<group>"; };
		37660A141BE1B9BB00AFDD0B /* exp_decay.c */ = {isa = PBXFileReference; fileEncoding = 4; lastKnownFileType = sourcecode.c.c; path = exp_decay.c; sourceTree = "<group>"; };
		37660A151BE1B9BB00AFDD0B /* exp_decay.h */ = {isa = PBXFileReference; fileEncoding = 4; lastKnownFileType = sourcecode.c.h; path = exp_decay.h; sourceTree = "<group>"; };
		37660A171BE1C19700AFDD0B /* ladder.c */ = {isa = PBXFileReference; fileEncoding = 4; lastKnownFileType = sourcecode.c.c; path = ladder.c; sourceTree = "<group>"; };
		37660A191BE1C1A600AFDD0B /* ladder.h */ = {isa = PBXFileReference; lastKnownFileType = sourcecode.c.h; path = ladder.h; sourceTree = "<group>"; };
		378074401BE17D1700FF58A9 /* band_limited.h */ = {isa = PBXFileReference; fileEncoding = 4; lastKnownFileType = sourcecode.c.h; path = band_limited.h; sourceTree = "<group>"; };
		378074411BE17D2700FF58A9 /* band_limited.c */ = {isa = PBXFileReference; fileEncoding = 4; lastKnownFileType = sourcecode.c.c; path = band_limited.c; sourceTree = "<group>"; };
		378074431BE17D5300FF58A9 /* audio_square.c */ = {isa = PBXFileReference; fileEncoding = 4; lastKnownFileType = sourcecode.c.c; path = audio_square.c; sourceTree = "<group>"; };
		378074441BE17D5300FF58A9 /* audio_square.h */ = {isa = PBXFileReference; fileEncoding = 4; lastKnownFileType = sourcecode.c.h; path = audio_square.h; sourceTree = "<group>"; };
		378074461BE17D6E00FF58A9 /* audio_sin.c */ = {isa = PBXFileReference; fileEncoding = 4; lastKnownFileType = sourcecode.c.c; path = audio_sin.c; sourceTree = "<group>"; };
		378074471BE17D6E00FF58A9 /* audio_sin.h */ = {isa = PBXFileReference; fileEncoding = 4; lastKnownFileType = sourcecode.c.h; path = audio_sin.h; sourceTree = "<group>"; };
		3780744C1BE17E5F00FF58A9 /* audio_saw.c */ = {isa = PBXFileReference; fileEncoding = 4; lastKnownFileType = sourcecode.c.c; path = audio_saw.c; sourceTree = "<group>"; };
		3780744E1BE17EE600FF58A9 /* audio_saw.h */ = {isa = PBXFileReference; fileEncoding = 4; lastKnownFileType = sourcecode.c.h; path = audio_saw.h; sourceTree = "<group>"; };
		3780744F1BE1801000FF58A9 /* moodler_lib.h */ = {isa = PBXFileReference; fileEncoding = 4; lastKnownFileType = sourcecode.c.h; path = moodler_lib.h; sourceTree = "<group>"; };
		378074501BE1801900FF58A9 /* moodler_lib.c */ = {isa = PBXFileReference; fileEncoding = 4; lastKnownFileType = sourcecode.c.c; path = moodler_lib.c; sourceTree = "<group>"; };
		37BA1D1C1BE5797900E7F73F /* envelope.c */ = {isa = PBXFileReference; fileEncoding = 4; lastKnownFileType = sourcecode.c.c; path = envelope.c; sourceTree = "<group>"; };
		37BA1D1D1BE5797900E7F73F /* envelope.h */ = {isa = PBXFileReference; fileEncoding = 4; lastKnownFileType = sourcecode.c.h; path = envelope.h; sourceTree = "<group>"; };
		37BE9DF31BDC343600CE8751 /* README.md */ = {isa = PBXFileReference; fileEncoding = 4; lastKnownFileType = net.daringfireball.markdown; path = README.md; sourceTree = SOURCE_ROOT; };
		37BE9DF51BDDADA600CE8751 /* SignalPathView.swift */ = {isa = PBXFileReference; fileEncoding = 4; lastKnownFileType = sourcecode.swift; path = SignalPathView.swift; sourceTree = "<group>"; };
		BD44FA241BEC42FE00F31AF8 /* lfo_square.c */ = {isa = PBXFileReference; fileEncoding = 4; lastKnownFileType = sourcecode.c.c; path = lfo_square.c; sourceTree = "<group>"; };
		BD44FA251BEC42FE00F31AF8 /* lfo_square.h */ = {isa = PBXFileReference; fileEncoding = 4; lastKnownFileType = sourcecode.c.h; path = lfo_square.h; sourceTree = "<group>"; };
		BD44FA2B1BEC434E00F31AF8 /* lfo_saw.c */ = {isa = PBXFileReference; fileEncoding = 4; lastKnownFileType = sourcecode.c.c; path = lfo_saw.c; sourceTree = "<group>"; };
		BD44FA2C1BEC434E00F31AF8 /* lfo_saw.h */ = {isa = PBXFileReference; fileEncoding = 4; lastKnownFileType = sourcecode.c.h; path = lfo_saw.h; sourceTree = "<group>"; };
		BD4A5D1D1BEBBE4600B0AD55 /* lfo.c */ = {isa = PBXFileReference; fileEncoding = 4; lastKnownFileType = sourcecode.c.c; path = lfo.c; sourceTree = "<group>"; };
		BD4A5D1E1BEBBE4600B0AD55 /* lfo.h */ = {isa = PBXFileReference; fileEncoding = 4; lastKnownFileType = sourcecode.c.h; path = lfo.h; sourceTree = "<group>"; };
		BD68B3AC1BE9CE76008671CB /* vco.c */ = {isa = PBXFileReference; fileEncoding = 4; lastKnownFileType = sourcecode.c.c; path = vco.c; sourceTree = "<group>"; };
		BD68B3AD1BE9CE76008671CB /* vco.h */ = {isa = PBXFileReference; fileEncoding = 4; lastKnownFileType = sourcecode.c.h; path = vco.h; sourceTree = "<group>"; };
		BD7D6C0B1BED0C9C0050C433 /* lfo_rand.c */ = {isa = PBXFileReference; fileEncoding = 4; lastKnownFileType = sourcecode.c.c; path = lfo_rand.c; sourceTree = "<group>"; };
		BD7D6C0C1BED0C9C0050C433 /* lfo_rand.h */ = {isa = PBXFileReference; fileEncoding = 4; lastKnownFileType = sourcecode.c.h; path = lfo_rand.h; sourceTree = "<group>"; };
		BD7D6C0E1BED83DB0050C433 /* VUMeter.swift */ = {isa = PBXFileReference; fileEncoding = 4; lastKnownFileType = sourcecode.swift; path = VUMeter.swift; sourceTree = "<group>"; };
		BD7D6C101BED85A90050C433 /* VUMeterLayer.swift */ = {isa = PBXFileReference; fileEncoding = 4; lastKnownFileType = sourcecode.swift; path = VUMeterLayer.swift; sourceTree = "<group>"; };
		BD87175A1BD724DB00A6A4BD /* MonoSynth.app */ = {isa = PBXFileReference; explicitFileType = wrapper.application; includeInIndex = 0; path = MonoSynth.app; sourceTree = BUILT_PRODUCTS_DIR; };
		BD87175D1BD724DB00A6A4BD /* AppDelegate.swift */ = {isa = PBXFileReference; lastKnownFileType = sourcecode.swift; path = AppDelegate.swift; sourceTree = "<group>"; };
		BD87175F1BD724DB00A6A4BD /* ViewController.swift */ = {isa = PBXFileReference; lastKnownFileType = sourcecode.swift; path = ViewController.swift; sourceTree = "<group>"; };
		BD8717621BD724DB00A6A4BD /* Base */ = {isa = PBXFileReference; lastKnownFileType = file.storyboard; name = Base; path = Base.lproj/Main.storyboard; sourceTree = "<group>"; };
		BD8717641BD724DB00A6A4BD /* Assets.xcassets */ = {isa = PBXFileReference; lastKnownFileType = folder.assetcatalog; path = Assets.xcassets; sourceTree = "<group>"; };
		BD8717671BD724DB00A6A4BD /* Base */ = {isa = PBXFileReference; lastKnownFileType = file.storyboard; name = Base; path = Base.lproj/LaunchScreen.storyboard; sourceTree = "<group>"; };
		BD8717691BD724DB00A6A4BD /* Info.plist */ = {isa = PBXFileReference; lastKnownFileType = text.plist.xml; path = Info.plist; sourceTree = "<group>"; };
		BD87176F1BD881E000A6A4BD /* Knob.swift */ = {isa = PBXFileReference; fileEncoding = 4; lastKnownFileType = sourcecode.swift; name = Knob.swift; path = MonoSynth/Knob.swift; sourceTree = "<group>"; };
		BD8717711BD881E900A6A4BD /* KnobLayer.swift */ = {isa = PBXFileReference; fileEncoding = 4; lastKnownFileType = sourcecode.swift; name = KnobLayer.swift; path = MonoSynth/KnobLayer.swift; sourceTree = "<group>"; };
		BD8B93C31BE2D30E00C2363B /* lfo_sin.c */ = {isa = PBXFileReference; fileEncoding = 4; lastKnownFileType = sourcecode.c.c; path = lfo_sin.c; sourceTree = "<group>"; };
		BD8B93C41BE2D30E00C2363B /* lfo_sin.h */ = {isa = PBXFileReference; fileEncoding = 4; lastKnownFileType = sourcecode.c.h; path = lfo_sin.h; sourceTree = "<group>"; };
		BD9593B71BDFC89A00EE098F /* CGUtils.swift */ = {isa = PBXFileReference; fileEncoding = 4; lastKnownFileType = sourcecode.swift; path = CGUtils.swift; sourceTree = "<group>"; };
		BD9593BE1BE048AD00EE098F /* MonoSynth-Bridging-Header.h */ = {isa = PBXFileReference; lastKnownFileType = sourcecode.c.h; path = "MonoSynth-Bridging-Header.h"; sourceTree = "<group>"; };
		BD9593C51BE04AE400EE098F /* AudioRender.m */ = {isa = PBXFileReference; fileEncoding = 4; lastKnownFileType = sourcecode.c.objc; name = AudioRender.m; path = ../AudioRender.m; sourceTree = "<group>"; };
		BD9593C71BE04B2E00EE098F /* AudioRender.h */ = {isa = PBXFileReference; lastKnownFileType = sourcecode.c.h; path = AudioRender.h; sourceTree = "<group>"; };
		BDB1FBE71BD9BC03001B05E8 /* Impact Label Licence.txt */ = {isa = PBXFileReference; lastKnownFileType = text; path = "Impact Label Licence.txt"; sourceTree = "<group>"; };
		BDB75E381BDF009200242397 /* MultiButton.swift */ = {isa = PBXFileReference; fileEncoding = 4; lastKnownFileType = sourcecode.swift; name = MultiButton.swift; path = MonoSynth/MultiButton.swift; sourceTree = "<group>"; };
		BDB75E3A1BDF00A100242397 /* MultiButtonLayer.swift */ = {isa = PBXFileReference; fileEncoding = 4; lastKnownFileType = sourcecode.swift; name = MultiButtonLayer.swift; path = MonoSynth/MultiButtonLayer.swift; sourceTree = "<group>"; };
/* End PBXFileReference section */

/* Begin PBXFrameworksBuildPhase section */
		BD8717571BD724DB00A6A4BD /* Frameworks */ = {
			isa = PBXFrameworksBuildPhase;
			buildActionMask = 2147483647;
			files = (
			);
			runOnlyForDeploymentPostprocessing = 0;
		};
/* End PBXFrameworksBuildPhase section */

/* Begin PBXGroup section */
		3780743F1BE17C9700FF58A9 /* Audio Synthesis */ = {
			isa = PBXGroup;
			children = (
				BD9593C51BE04AE400EE098F /* AudioRender.m */,
				BD9593C71BE04B2E00EE098F /* AudioRender.h */,
				378074461BE17D6E00FF58A9 /* audio_sin.c */,
				378074431BE17D5300FF58A9 /* audio_square.c */,
				378074441BE17D5300FF58A9 /* audio_square.h */,
				3780744E1BE17EE600FF58A9 /* audio_saw.h */,
				BD4A5D1D1BEBBE4600B0AD55 /* lfo.c */,
				BD4A5D1E1BEBBE4600B0AD55 /* lfo.h */,
				BD44FA2B1BEC434E00F31AF8 /* lfo_saw.c */,
				BD44FA2C1BEC434E00F31AF8 /* lfo_saw.h */,
				BD44FA241BEC42FE00F31AF8 /* lfo_square.c */,
				BD44FA251BEC42FE00F31AF8 /* lfo_square.h */,
				BD8B93C31BE2D30E00C2363B /* lfo_sin.c */,
				BD8B93C41BE2D30E00C2363B /* lfo_sin.h */,
				37117C191BEE81A2005278AF /* lfo_pulse.c */,
				37117C1A1BEE81A2005278AF /* lfo_pulse.h */,
				37BA1D1C1BE5797900E7F73F /* envelope.c */,
				37BA1D1D1BE5797900E7F73F /* envelope.h */,
				3780744F1BE1801000FF58A9 /* moodler_lib.h */,
				378074501BE1801900FF58A9 /* moodler_lib.c */,
				378074401BE17D1700FF58A9 /* band_limited.h */,
				378074411BE17D2700FF58A9 /* band_limited.c */,
				37660A171BE1C19700AFDD0B /* ladder.c */,
				37660A191BE1C1A600AFDD0B /* ladder.h */,
				378074471BE17D6E00FF58A9 /* audio_sin.h */,
				37660A141BE1B9BB00AFDD0B /* exp_decay.c */,
				37660A151BE1B9BB00AFDD0B /* exp_decay.h */,
				3780744C1BE17E5F00FF58A9 /* audio_saw.c */,
				BD7D6C0B1BED0C9C0050C433 /* lfo_rand.c */,
				BD7D6C0C1BED0C9C0050C433 /* lfo_rand.h */,
				BD68B3AC1BE9CE76008671CB /* vco.c */,
				BD68B3AD1BE9CE76008671CB /* vco.h */,
			);
			name = "Audio Synthesis";
			sourceTree = "<group>";
		};
		BD8717511BD724DB00A6A4BD = {
			isa = PBXGroup;
			children = (
				BDB1FBE71BD9BC03001B05E8 /* Impact Label Licence.txt */,
				37BE9DF31BDC343600CE8751 /* README.md */,
				374594551BE6D761007EAB03 /* TODO.txt */,
				BD87175C1BD724DB00A6A4BD /* MonoSynth */,
				BD87175B1BD724DB00A6A4BD /* Products */,
			);
			sourceTree = "<group>";
		};
		BD87175B1BD724DB00A6A4BD /* Products */ = {
			isa = PBXGroup;
			children = (
				BD87175A1BD724DB00A6A4BD /* MonoSynth.app */,
			);
			name = Products;
			sourceTree = "<group>";
		};
		BD87175C1BD724DB00A6A4BD /* MonoSynth */ = {
			isa = PBXGroup;
			children = (
				BD87175F1BD724DB00A6A4BD /* ViewController.swift */,
				BD8717611BD724DB00A6A4BD /* Main.storyboard */,
				BD87175D1BD724DB00A6A4BD /* AppDelegate.swift */,
				3780743F1BE17C9700FF58A9 /* Audio Synthesis */,
				BD9593BD1BE0485600EE098F /* UI Elements */,
				37BE9DF51BDDADA600CE8751 /* SignalPathView.swift */,
				BD9593B71BDFC89A00EE098F /* CGUtils.swift */,
				BD8717661BD724DB00A6A4BD /* LaunchScreen.storyboard */,
				BD8717691BD724DB00A6A4BD /* Info.plist */,
				BD9593BE1BE048AD00EE098F /* MonoSynth-Bridging-Header.h */,
				BD8717641BD724DB00A6A4BD /* Assets.xcassets */,
			);
			path = MonoSynth;
			sourceTree = "<group>";
		};
		BD9593BD1BE0485600EE098F /* UI Elements */ = {
			isa = PBXGroup;
			children = (
				374594531BE6D33E007EAB03 /* ADSRPlot.swift */,
				BDB75E381BDF009200242397 /* MultiButton.swift */,
				BDB75E3A1BDF00A100242397 /* MultiButtonLayer.swift */,
				BD87176F1BD881E000A6A4BD /* Knob.swift */,
				BD8717711BD881E900A6A4BD /* KnobLayer.swift */,
				375D36021BDC207C00C55DBE /* PianoKey.swift */,
				375D36041BDC286900C55DBE /* PianoKeyLayer.swift */,
				BD7D6C0E1BED83DB0050C433 /* VUMeter.swift */,
				BD7D6C101BED85A90050C433 /* VUMeterLayer.swift */,
			);
			name = "UI Elements";
			path = ..;
			sourceTree = "<group>";
		};
/* End PBXGroup section */

/* Begin PBXNativeTarget section */
		BD8717591BD724DB00A6A4BD /* MonoSynth */ = {
			isa = PBXNativeTarget;
			buildConfigurationList = BD87176C1BD724DB00A6A4BD /* Build configuration list for PBXNativeTarget "MonoSynth" */;
			buildPhases = (
				BD8717561BD724DB00A6A4BD /* Sources */,
				BD8717571BD724DB00A6A4BD /* Frameworks */,
				BD8717581BD724DB00A6A4BD /* Resources */,
			);
			buildRules = (
			);
			dependencies = (
			);
			name = MonoSynth;
			productName = FunctionGenerator;
			productReference = BD87175A1BD724DB00A6A4BD /* MonoSynth.app */;
			productType = "com.apple.product-type.application";
		};
/* End PBXNativeTarget section */

/* Begin PBXProject section */
		BD8717521BD724DB00A6A4BD /* Project object */ = {
			isa = PBXProject;
			attributes = {
				LastSwiftUpdateCheck = 0710;
				LastUpgradeCheck = 0710;
				ORGANIZATIONNAME = "Dan Piponi";
				TargetAttributes = {
					BD8717591BD724DB00A6A4BD = {
						CreatedOnToolsVersion = 7.1;
						DevelopmentTeam = 8X94X6Z25L;
					};
				};
			};
			buildConfigurationList = BD8717551BD724DB00A6A4BD /* Build configuration list for PBXProject "MonoSynth" */;
			compatibilityVersion = "Xcode 3.2";
			developmentRegion = English;
			hasScannedForEncodings = 0;
			knownRegions = (
				en,
				Base,
			);
			mainGroup = BD8717511BD724DB00A6A4BD;
			productRefGroup = BD87175B1BD724DB00A6A4BD /* Products */;
			projectDirPath = "";
			projectRoot = "";
			targets = (
				BD8717591BD724DB00A6A4BD /* MonoSynth */,
			);
		};
/* End PBXProject section */

/* Begin PBXResourcesBuildPhase section */
		BD8717581BD724DB00A6A4BD /* Resources */ = {
			isa = PBXResourcesBuildPhase;
			buildActionMask = 2147483647;
			files = (
				BD8717681BD724DB00A6A4BD /* LaunchScreen.storyboard in Resources */,
				374594561BE6D761007EAB03 /* TODO.txt in Resources */,
				BD8717651BD724DB00A6A4BD /* Assets.xcassets in Resources */,
				BD8717631BD724DB00A6A4BD /* Main.storyboard in Resources */,
			);
			runOnlyForDeploymentPostprocessing = 0;
		};
/* End PBXResourcesBuildPhase section */

/* Begin PBXSourcesBuildPhase section */
		BD8717561BD724DB00A6A4BD /* Sources */ = {
			isa = PBXSourcesBuildPhase;
			buildActionMask = 2147483647;
			files = (
				BD68B3AE1BE9CE76008671CB /* vco.c in Sources */,
				375D36031BDC207C00C55DBE /* PianoKey.swift in Sources */,
				BD4A5D1F1BEBBE4600B0AD55 /* lfo.c in Sources */,
				378074421BE17D2700FF58A9 /* band_limited.c in Sources */,
				BD7D6C0D1BED0C9C0050C433 /* lfo_rand.c in Sources */,
				BD8717601BD724DB00A6A4BD /* ViewController.swift in Sources */,
				3780744D1BE17E5F00FF58A9 /* audio_saw.c in Sources */,
				BD44FA261BEC42FE00F31AF8 /* lfo_square.c in Sources */,
				BD8B93C51BE2D30E00C2363B /* lfo_sin.c in Sources */,
				37BA1D1E1BE5797900E7F73F /* envelope.c in Sources */,
				BD44FA2D1BEC434E00F31AF8 /* lfo_saw.c in Sources */,
				BD8717721BD881E900A6A4BD /* KnobLayer.swift in Sources */,
				BD9593B81BDFC89A00EE098F /* CGUtils.swift in Sources */,
				37660A161BE1B9BB00AFDD0B /* exp_decay.c in Sources */,
				BD7D6C111BED85A90050C433 /* VUMeterLayer.swift in Sources */,
				BD7D6C0F1BED83DB0050C433 /* VUMeter.swift in Sources */,
				BDB75E391BDF009200242397 /* MultiButton.swift in Sources */,
				378074481BE17D6E00FF58A9 /* audio_sin.c in Sources */,
				378074451BE17D5300FF58A9 /* audio_square.c in Sources */,
				BD9593C61BE04AE400EE098F /* AudioRender.m in Sources */,
				BDB75E3B1BDF00A100242397 /* MultiButtonLayer.swift in Sources */,
				375D36051BDC286900C55DBE /* PianoKeyLayer.swift in Sources */,
				374594541BE6D33E007EAB03 /* ADSRPlot.swift in Sources */,
				37660A181BE1C19700AFDD0B /* ladder.c in Sources */,
				37BE9DF61BDDADA600CE8751 /* SignalPathView.swift in Sources */,
				37117C1B1BEE81A2005278AF /* lfo_pulse.c in Sources */,
				BD8717701BD881E000A6A4BD /* Knob.swift in Sources */,
				378074511BE1801900FF58A9 /* moodler_lib.c in Sources */,
				BD87175E1BD724DB00A6A4BD /* AppDelegate.swift in Sources */,
			);
			runOnlyForDeploymentPostprocessing = 0;
		};
/* End PBXSourcesBuildPhase section */

/* Begin PBXVariantGroup section */
		BD8717611BD724DB00A6A4BD /* Main.storyboard */ = {
			isa = PBXVariantGroup;
			children = (
				BD8717621BD724DB00A6A4BD /* Base */,
			);
			name = Main.storyboard;
			sourceTree = "<group>";
		};
		BD8717661BD724DB00A6A4BD /* LaunchScreen.storyboard */ = {
			isa = PBXVariantGroup;
			children = (
				BD8717671BD724DB00A6A4BD /* Base */,
			);
			name = LaunchScreen.storyboard;
			sourceTree = "<group>";
		};
/* End PBXVariantGroup section */

/* Begin XCBuildConfiguration section */
		BD87176A1BD724DB00A6A4BD /* Debug */ = {
			isa = XCBuildConfiguration;
			buildSettings = {
				ALWAYS_SEARCH_USER_PATHS = NO;
				CLANG_CXX_LANGUAGE_STANDARD = "gnu++0x";
				CLANG_CXX_LIBRARY = "libc++";
				CLANG_ENABLE_MODULES = YES;
				CLANG_ENABLE_OBJC_ARC = YES;
				CLANG_WARN_BOOL_CONVERSION = YES;
				CLANG_WARN_CONSTANT_CONVERSION = YES;
				CLANG_WARN_DIRECT_OBJC_ISA_USAGE = YES_ERROR;
				CLANG_WARN_EMPTY_BODY = YES;
				CLANG_WARN_ENUM_CONVERSION = YES;
				CLANG_WARN_INT_CONVERSION = YES;
				CLANG_WARN_OBJC_ROOT_CLASS = YES_ERROR;
				CLANG_WARN_UNREACHABLE_CODE = YES;
				CLANG_WARN__DUPLICATE_METHOD_MATCH = YES;
				"CODE_SIGN_IDENTITY[sdk=iphoneos*]" = "iPhone Developer";
				COPY_PHASE_STRIP = NO;
				DEBUG_INFORMATION_FORMAT = dwarf;
				ENABLE_STRICT_OBJC_MSGSEND = YES;
				ENABLE_TESTABILITY = YES;
				GCC_C_LANGUAGE_STANDARD = gnu99;
				GCC_DYNAMIC_NO_PIC = NO;
				GCC_NO_COMMON_BLOCKS = YES;
				GCC_OPTIMIZATION_LEVEL = 0;
				GCC_PREPROCESSOR_DEFINITIONS = (
					"DEBUG=1",
					"$(inherited)",
				);
				GCC_WARN_64_TO_32_BIT_CONVERSION = YES;
				GCC_WARN_ABOUT_RETURN_TYPE = YES_ERROR;
				GCC_WARN_UNDECLARED_SELECTOR = YES;
				GCC_WARN_UNINITIALIZED_AUTOS = YES_AGGRESSIVE;
				GCC_WARN_UNUSED_FUNCTION = YES;
				GCC_WARN_UNUSED_VARIABLE = YES;
				IPHONEOS_DEPLOYMENT_TARGET = 9.1;
				MTL_ENABLE_DEBUG_INFO = YES;
				ONLY_ACTIVE_ARCH = YES;
				SDKROOT = iphoneos;
				SWIFT_OPTIMIZATION_LEVEL = "-Onone";
				TARGETED_DEVICE_FAMILY = "1,2";
			};
			name = Debug;
		};
		BD87176B1BD724DB00A6A4BD /* Release */ = {
			isa = XCBuildConfiguration;
			buildSettings = {
				ALWAYS_SEARCH_USER_PATHS = NO;
				CLANG_CXX_LANGUAGE_STANDARD = "gnu++0x";
				CLANG_CXX_LIBRARY = "libc++";
				CLANG_ENABLE_MODULES = YES;
				CLANG_ENABLE_OBJC_ARC = YES;
				CLANG_WARN_BOOL_CONVERSION = YES;
				CLANG_WARN_CONSTANT_CONVERSION = YES;
				CLANG_WARN_DIRECT_OBJC_ISA_USAGE = YES_ERROR;
				CLANG_WARN_EMPTY_BODY = YES;
				CLANG_WARN_ENUM_CONVERSION = YES;
				CLANG_WARN_INT_CONVERSION = YES;
				CLANG_WARN_OBJC_ROOT_CLASS = YES_ERROR;
				CLANG_WARN_UNREACHABLE_CODE = YES;
				CLANG_WARN__DUPLICATE_METHOD_MATCH = YES;
				"CODE_SIGN_IDENTITY[sdk=iphoneos*]" = "iPhone Developer";
				COPY_PHASE_STRIP = NO;
				DEBUG_INFORMATION_FORMAT = "dwarf-with-dsym";
				ENABLE_NS_ASSERTIONS = NO;
				ENABLE_STRICT_OBJC_MSGSEND = YES;
				GCC_C_LANGUAGE_STANDARD = gnu99;
				GCC_NO_COMMON_BLOCKS = YES;
				GCC_WARN_64_TO_32_BIT_CONVERSION = YES;
				GCC_WARN_ABOUT_RETURN_TYPE = YES_ERROR;
				GCC_WARN_UNDECLARED_SELECTOR = YES;
				GCC_WARN_UNINITIALIZED_AUTOS = YES_AGGRESSIVE;
				GCC_WARN_UNUSED_FUNCTION = YES;
				GCC_WARN_UNUSED_VARIABLE = YES;
				IPHONEOS_DEPLOYMENT_TARGET = 9.1;
				MTL_ENABLE_DEBUG_INFO = NO;
				SDKROOT = iphoneos;
				TARGETED_DEVICE_FAMILY = "1,2";
				VALIDATE_PRODUCT = YES;
			};
			name = Release;
		};
		BD87176D1BD724DB00A6A4BD /* Debug */ = {
			isa = XCBuildConfiguration;
			buildSettings = {
				ASSETCATALOG_COMPILER_APPICON_NAME = AppIcon;
				CLANG_ENABLE_MODULES = YES;
				CODE_SIGN_IDENTITY = "iPhone Developer";
				"CODE_SIGN_IDENTITY[sdk=iphoneos*]" = "iPhone Developer";
				INFOPLIST_FILE = MonoSynth/Info.plist;
				LD_RUNPATH_SEARCH_PATHS = "$(inherited) @executable_path/Frameworks";
				PRODUCT_BUNDLE_IDENTIFIER = com.sigfpe.MonoSynth;
				PRODUCT_NAME = MonoSynth;
				PROVISIONING_PROFILE = "";
				SWIFT_OBJC_BRIDGING_HEADER = "MonoSynth/MonoSynth-Bridging-Header.h";
				SWIFT_OPTIMIZATION_LEVEL = "-Onone";
			};
			name = Debug;
		};
		BD87176E1BD724DB00A6A4BD /* Release */ = {
			isa = XCBuildConfiguration;
			buildSettings = {
				ASSETCATALOG_COMPILER_APPICON_NAME = AppIcon;
				CLANG_ENABLE_MODULES = YES;
				CODE_SIGN_IDENTITY = "iPhone Developer";
				"CODE_SIGN_IDENTITY[sdk=iphoneos*]" = "iPhone Developer";
				INFOPLIST_FILE = MonoSynth/Info.plist;
				LD_RUNPATH_SEARCH_PATHS = "$(inherited) @executable_path/Frameworks";
				PRODUCT_BUNDLE_IDENTIFIER = com.sigfpe.MonoSynth;
				PRODUCT_NAME = MonoSynth;
				PROVISIONING_PROFILE = "";
				SWIFT_OBJC_BRIDGING_HEADER = "MonoSynth/MonoSynth-Bridging-Header.h";
			};
			name = Release;
		};
/* End XCBuildConfiguration section */

/* Begin XCConfigurationList section */
		BD8717551BD724DB00A6A4BD /* Build configuration list for PBXProject "MonoSynth" */ = {
			isa = XCConfigurationList;
			buildConfigurations = (
				BD87176A1BD724DB00A6A4BD /* Debug */,
				BD87176B1BD724DB00A6A4BD /* Release */,
			);
			defaultConfigurationIsVisible = 0;
			defaultConfigurationName = Release;
		};
		BD87176C1BD724DB00A6A4BD /* Build configuration list for PBXNativeTarget "MonoSynth" */ = {
			isa = XCConfigurationList;
			buildConfigurations = (
				BD87176D1BD724DB00A6A4BD /* Debug */,
				BD87176E1BD724DB00A6A4BD /* Release */,
			);
			defaultConfigurationIsVisible = 0;
			defaultConfigurationName = Release;
		};
/* End XCConfigurationList section */
	};
	rootObject = BD8717521BD724DB00A6A4BD /* Project object */;
}
